
Microsoft Visual Studio Solution File, Format Version 12.00
# Visual Studio Version 17
VisualStudioVersion = 17.0.31612.314
MinimumVisualStudioVersion = 10.0.40219.1
Project("{FAE04EC0-301F-11D3-BF4B-00C04F79EFBC}") = "InterviewApp.Client", "InterviewApp\Client\InterviewApp.Client.csproj", "{AC0C8CB6-C5C3-48B6-AD5D-F508B849EA84}"
EndProject
Project("{FAE04EC0-301F-11D3-BF4B-00C04F79EFBC}") = "InterviewApp.Server", "InterviewApp\Server\InterviewApp.Server.csproj", "{38A48034-7613-45D1-8631-91F9469CA744}"
EndProject
Project("{FAE04EC0-301F-11D3-BF4B-00C04F79EFBC}") = "InterviewApp.Shared", "InterviewApp\Shared\InterviewApp.Shared.csproj", "{6407D018-F1FC-43AB-9193-2E017A7A9C4B}"
EndProject
Global
	GlobalSection(SolutionConfigurationPlatforms) = preSolution
		Debug|Any CPU = Debug|Any CPU
		Release|Any CPU = Release|Any CPU
	EndGlobalSection
	GlobalSection(ProjectConfigurationPlatforms) = postSolution
		{AC0C8CB6-C5C3-48B6-AD5D-F508B849EA84}.Debug|Any CPU.ActiveCfg = Debug|Any CPU
		{AC0C8CB6-C5C3-48B6-AD5D-F508B849EA84}.Debug|Any CPU.Build.0 = Debug|Any CPU
		{AC0C8CB6-C5C3-48B6-AD5D-F508B849EA84}.Release|Any CPU.ActiveCfg = Release|Any CPU
		{AC0C8CB6-C5C3-48B6-AD5D-F508B849EA84}.Release|Any CPU.Build.0 = Release|Any CPU
		{38A48034-7613-45D1-8631-91F9469CA744}.Debug|Any CPU.ActiveCfg = Debug|Any CPU
		{38A48034-7613-45D1-8631-91F9469CA744}.Debug|Any CPU.Build.0 = Debug|Any CPU
		{38A48034-7613-45D1-8631-91F9469CA744}.Release|Any CPU.ActiveCfg = Release|Any CPU
		{38A48034-7613-45D1-8631-91F9469CA744}.Release|Any CPU.Build.0 = Release|Any CPU
		{6407D018-F1FC-43AB-9193-2E017A7A9C4B}.Debug|Any CPU.ActiveCfg = Debug|Any CPU
		{6407D018-F1FC-43AB-9193-2E017A7A9C4B}.Debug|Any CPU.Build.0 = Debug|Any CPU
		{6407D018-F1FC-43AB-9193-2E017A7A9C4B}.Release|Any CPU.ActiveCfg = Release|Any CPU
		{6407D018-F1FC-43AB-9193-2E017A7A9C4B}.Release|Any CPU.Build.0 = Release|Any CPU
	EndGlobalSection
	GlobalSection(SolutionProperties) = preSolution
		HideSolutionNode = FALSE
	EndGlobalSection
	GlobalSection(ExtensibilityGlobals) = postSolution
		SolutionGuid = {879579CD-9253-4756-8748-452B601BAF61}
	EndGlobalSection
EndGlobal
